{
  "name": "widget-openweather",
  "version": "0.1.0",
  "lockfileVersion": 1,
  "requires": true,
  "dependencies": {
    "open-weather-icons": {
      "version": "0.0.8",
      "resolved": "https://registry.npmjs.org/open-weather-icons/-/open-weather-icons-0.0.8.tgz",
      "integrity": "sha512-9/ic3bOM5rF+4FXMXIWjroE+b5oz2CdEkyN8066nTy7i0QFeyJQwYyriZ4NaVPThcxN968OplNxdeLnJKQVQ5Q=="
    }
  }
}
